
Microsoft Visual Studio Solution File, Format Version 12.00
# Visual Studio Version 17
VisualStudioVersion = 17.7.34221.43
MinimumVisualStudioVersion = 10.0.40219.1
Project("{FAE04EC0-301F-11D3-BF4B-00C04F79EFBC}") = "FunctionThatValidatesCertificatesInHeader", "FunctionThatValidatesCertificatesInHeader\FunctionThatValidatesCertificatesInHeader.csproj", "{F6855586-3E77-40F8-8F13-0DB5375BDB22}"
EndProject
Global
	GlobalSection(SolutionConfigurationPlatforms) = preSolution
		Debug|Any CPU = Debug|Any CPU
		Release|Any CPU = Release|Any CPU
	EndGlobalSection
	GlobalSection(ProjectConfigurationPlatforms) = postSolution
		{F6855586-3E77-40F8-8F13-0DB5375BDB22}.Debug|Any CPU.ActiveCfg = Debug|Any CPU
		{F6855586-3E77-40F8-8F13-0DB5375BDB22}.Debug|Any CPU.Build.0 = Debug|Any CPU
		{F6855586-3E77-40F8-8F13-0DB5375BDB22}.Release|Any CPU.ActiveCfg = Release|Any CPU
		{F6855586-3E77-40F8-8F13-0DB5375BDB22}.Release|Any CPU.Build.0 = Release|Any CPU
	EndGlobalSection
	GlobalSection(SolutionProperties) = preSolution
		HideSolutionNode = FALSE
	EndGlobalSection
	GlobalSection(ExtensibilityGlobals) = postSolution
		SolutionGuid = {5C85CD34-7C18-4B89-A6F1-3E320DF0A325}
	EndGlobalSection
EndGlobal
